// !$*UTF8*$!
{
	archiveVersion = 1;
	classes = {
	};
	objectVersion = 46;
	objects = {
/* Begin PBXBuildFile section */
		0207DA581B56EA530066E2B4 /* Images.xcassets in Resources */ = {isa = PBXBuildFile; fileRef = 0207DA571B56EA530066E2B4 /* Images.xcassets */; };
		1D3623260D0F684500981E51 /* AppDelegate.m in Sources */ = {isa = PBXBuildFile; fileRef = 1D3623250D0F684500981E51 /* AppDelegate.m */; };
		1D60589B0D05DD56006BFB54 /* main.m in Sources */ = {isa = PBXBuildFile; fileRef = 29B97316FDCFA39411CA2CEA /* main.m */; };
		301BF552109A68D80062928A /* libCordova.a in Frameworks */ = {isa = PBXBuildFile; fileRef = 301BF535109A57CC0062928A /* libCordova.a */; };
		302D95F114D2391D003F00A1 /* MainViewController.m in Sources */ = {isa = PBXBuildFile; fileRef = 302D95EF14D2391D003F00A1 /* MainViewController.m */; };
		302D95F214D2391D003F00A1 /* MainViewController.xib in Resources */ = {isa = PBXBuildFile; fileRef = 302D95F014D2391D003F00A1 /* MainViewController.xib */; };
		3047A5121AB8059700498E2A /* build-debug.xcconfig in Resources */ = {isa = PBXBuildFile; fileRef = 3047A50F1AB8059700498E2A /* build-debug.xcconfig */; };
		3047A5131AB8059700498E2A /* build-release.xcconfig in Resources */ = {isa = PBXBuildFile; fileRef = 3047A5101AB8059700498E2A /* build-release.xcconfig */; };
		3047A5141AB8059700498E2A /* build.xcconfig in Resources */ = {isa = PBXBuildFile; fileRef = 3047A5111AB8059700498E2A /* build.xcconfig */; };
		6AFF5BF91D6E424B00AB3073 /* CDVLaunchScreen.storyboard in Resources */ = {isa = PBXBuildFile; fileRef = 6AFF5BF81D6E424B00AB3073 /* CDVLaunchScreen.storyboard */; };
		38684D828E76485CA6F8B218 /* AppDelegate+notification.m in Sources */ = {isa = PBXBuildFile; fileRef = 830ADDDFE8544C2DA6C43333 /* AppDelegate+notification.m */; };
		36ABBFC99D114DB995187FFD /* PushPlugin.m in Sources */ = {isa = PBXBuildFile; fileRef = 07E6A5964B4D48F5B6975776 /* PushPlugin.m */; };
		A80BED8FB5144BD9BDF44FA6 /* libGGLCloudMessaging.a in Frameworks */ = {isa = PBXBuildFile; fileRef = 2C2096F47C8841209E441AAC /* libGGLCloudMessaging.a */; };
		606CFF049D314B9F9A604DF5 /* libGGLCore.a in Frameworks */ = {isa = PBXBuildFile; fileRef = D30ECE0221DB4762B2B65EF6 /* libGGLCore.a */; };
		B1BAD6EB155F4672A6EA0C49 /* libGGLInstanceIDLib.a in Frameworks */ = {isa = PBXBuildFile; fileRef = 17EFCD71E9ED4DEC9F1628A1 /* libGGLInstanceIDLib.a */; };
		122530D8371C459982C613CA /* libGIP_Reachability.a in Frameworks */ = {isa = PBXBuildFile; fileRef = 949DFD5568BD496FAA3F6125 /* libGIP_Reachability.a */; };
		8BD64BC3C1034978BDAA2614 /* libGSDK_Overload.a in Frameworks */ = {isa = PBXBuildFile; fileRef = EBCF902DCE1A4B39B7998B3A /* libGSDK_Overload.a */; };
		0B1B54965C65416A969632EB /* libGTMSessionFetcher_core.a in Frameworks */ = {isa = PBXBuildFile; fileRef = 1A1FE484EB2449EEB18E57FB /* libGTMSessionFetcher_core.a */; };
		CD7D5B9CEDC64846ACB25D0A /* libGTMSessionFetcher_full.a in Frameworks */ = {isa = PBXBuildFile; fileRef = D9E36D645E62447DA2F5A367 /* libGTMSessionFetcher_full.a */; };
		09DD2C9B942B4C4C94E591AC /* libGTMStackTrace.a in Frameworks */ = {isa = PBXBuildFile; fileRef = E2049BFDCEF547388E7D8D1B /* libGTMStackTrace.a */; };
		01CCF3A815C14795812D1446 /* libGTM_AddressBook.a in Frameworks */ = {isa = PBXBuildFile; fileRef = 67C02C5003354DC486F0A599 /* libGTM_AddressBook.a */; };
		92A58B899432406091649C6B /* libGTM_DebugUtils.a in Frameworks */ = {isa = PBXBuildFile; fileRef = 212D23041210424C9CE00EDD /* libGTM_DebugUtils.a */; };
		5093977E22B0480DACD3E288 /* libGTM_GTMURLBuilder.a in Frameworks */ = {isa = PBXBuildFile; fileRef = 16A851B25254471BBBD63F7E /* libGTM_GTMURLBuilder.a */; };
		E21365D8DB654E3D90131C7F /* libGTM_KVO.a in Frameworks */ = {isa = PBXBuildFile; fileRef = 74E4D687A62247D78547941B /* libGTM_KVO.a */; };
		5D4B172BCC3545A993CAF2C2 /* libGTM_NSData+zlib.a in Frameworks */ = {isa = PBXBuildFile; fileRef = F01F77DBE2E941189FB20840 /* libGTM_NSData+zlib.a */; };
		A4F60B495DA44A0E989D7749 /* libGTM_NSDictionary+URLArguments.a in Frameworks */ = {isa = PBXBuildFile; fileRef = 36D17F2117FC4D9FB2D1BB20 /* libGTM_NSDictionary+URLArguments.a */; };
		6065202F071F4C01A6A7CB52 /* libGTM_NSScannerJSON.a in Frameworks */ = {isa = PBXBuildFile; fileRef = B2A3D4387BE84BB389519A55 /* libGTM_NSScannerJSON.a */; };
		C493F710FF644655BCF1CF30 /* libGTM_NSStringHTML.a in Frameworks */ = {isa = PBXBuildFile; fileRef = 787AC84CCC444E20879D205A /* libGTM_NSStringHTML.a */; };
		0200F56FC5AE40C8A0924F00 /* libGTM_NSStringXML.a in Frameworks */ = {isa = PBXBuildFile; fileRef = 990EDAC9E970441FAF30D63F /* libGTM_NSStringXML.a */; };
		9FC316C79B834C20B22A9DC6 /* libGTM_Regex.a in Frameworks */ = {isa = PBXBuildFile; fileRef = E61F0DAF13734F8F80A692C4 /* libGTM_Regex.a */; };
		8EE8AD9B95A64FC1A612793F /* libGTM_RoundedRectPath.a in Frameworks */ = {isa = PBXBuildFile; fileRef = 683CA30B78A647D6B430F0E9 /* libGTM_RoundedRectPath.a */; };
		651DDB7892EC4290BF6E1719 /* libGTM_StringEncoding.a in Frameworks */ = {isa = PBXBuildFile; fileRef = 30BEB0DB4DF647C495904AEB /* libGTM_StringEncoding.a */; };
		727C1D7A6CD542568E9FCE06 /* libGTM_SystemVersion.a in Frameworks */ = {isa = PBXBuildFile; fileRef = D0A8CDE15F0E4D06AC64A059 /* libGTM_SystemVersion.a */; };
		4F6FFF6AEB0C44348C91DDF5 /* libGTM_UIFont+LineHeight.a in Frameworks */ = {isa = PBXBuildFile; fileRef = 5CC2467E86C2491A859EA69D /* libGTM_UIFont+LineHeight.a */; };
		ACDF5537FCB14DEABBCF180E /* libGTM_core.a in Frameworks */ = {isa = PBXBuildFile; fileRef = E8E6ACC2566B463EB5D4E027 /* libGTM_core.a */; };
		392B4E0F63C34468A127FF6D /* libGTM_iPhone.a in Frameworks */ = {isa = PBXBuildFile; fileRef = 8505A8AB2A374D798DD990DF /* libGTM_iPhone.a */; };
		D57BB330CBD44592ADA3FC40 /* libGcmLib.a in Frameworks */ = {isa = PBXBuildFile; fileRef = 752456139CBD40ABAE369EEB /* libGcmLib.a */; };
		961165D258F048B5864768D4 /* libProtocolBuffers.a in Frameworks */ = {isa = PBXBuildFile; fileRef = BEDEE273004443BEB71D7B24 /* libProtocolBuffers.a */; };
		75A7CF5A4328486B8184FA29 /* AddressBook.framework in Frameworks */ = {isa = PBXBuildFile; fileRef = B74D8D1FF7E34732986F221C /* AddressBook.framework */; };
		086D85239560476B99248EDD /* libsqlite3.tbd in Frameworks */ = {isa = PBXBuildFile; fileRef = 1DC63D6E377343D4B28A1F8F /* libsqlite3.tbd */; };
		575A55DB192649128227E8E4 /* libz.tbd in Frameworks */ = {isa = PBXBuildFile; fileRef = B384F4898867446EAC56CAC0 /* libz.tbd */; };
		2CE756E3B94647F2973782E4 /* CDVDevice.m in Sources */ = {isa = PBXBuildFile; fileRef = 51EBFBEBC22B4DB7B44D31F6 /* CDVDevice.m */; };
		25F8C6C97BF046A3B31DC02F /* CDVNotification.m in Sources */ = {isa = PBXBuildFile; fileRef = F5DD07C18B444323A0CA5430 /* CDVNotification.m */; };
		41A86E25E66546F9B3384C41 /* CDVNotification.bundle in Resources */ = {isa = PBXBuildFile; fileRef = AA1ACD5DAFE24BBF82F499B4 /* CDVNotification.bundle */; };
		84056BC611734C6595718644 /* AudioToolbox.framework in Frameworks */ = {isa = PBXBuildFile; fileRef = 893A7BEF82B546DDB4EC7E3D /* AudioToolbox.framework */; settings = {ATTRIBUTES = (Weak, ); }; };
		D86795A4F762453E8FA6B5BA /* CDVInAppBrowser.m in Sources */ = {isa = PBXBuildFile; fileRef = 238A885A4DE84E06BEED7CD9 /* CDVInAppBrowser.m */; };
		10BB02C590E94868B0FC4F4B /* CDVConnection.m in Sources */ = {isa = PBXBuildFile; fileRef = 507C9D89C9E6485EADB1612C /* CDVConnection.m */; };
		7613B7B66DB646DF81861610 /* CDVReachability.m in Sources */ = {isa = PBXBuildFile; fileRef = 460DDD15FC964DEC940D5860 /* CDVReachability.m */; };
		7A95675D9A594B989DDEAA61 /* SystemConfiguration.framework in Frameworks */ = {isa = PBXBuildFile; fileRef = 018DB98265A5451DB86B6F33 /* SystemConfiguration.framework */; settings = {ATTRIBUTES = (Weak, ); }; };
		F7AE9249233944BB864DE35E /* CoreTelephony.framework in Frameworks */ = {isa = PBXBuildFile; fileRef = E2DC9102DF4F4DB9BFC10F2F /* CoreTelephony.framework */; };
		B663001171CB49B68F376C4A /* CDVStatusBar.m in Sources */ = {isa = PBXBuildFile; fileRef = 9DFF5166FFC94C9C89F20414 /* CDVStatusBar.m */; };
		84DBE443C09F485793DCF7E2 /* CDVContacts.m in Sources */ = {isa = PBXBuildFile; fileRef = 4F93DA6B16164B7E81E6FD6E /* CDVContacts.m */; };
		A8D96008D4484D37A4C010C1 /* CDVContact.m in Sources */ = {isa = PBXBuildFile; fileRef = 8F459EABC45C495589BBCD87 /* CDVContact.m */; };
		33D7D44C059E435A83BB791E /* AddressBookUI.framework in Frameworks */ = {isa = PBXBuildFile; fileRef = BC89D575526547AF957735C7 /* AddressBookUI.framework */; settings = {ATTRIBUTES = (Weak, ); }; };
		808E8FCB8E684CFFA4750D2E /* NSString+SSURLEncoding.m in Sources */ = {isa = PBXBuildFile; fileRef = A68D6D4CDB124C85969D93DB /* NSString+SSURLEncoding.m */; };
		AA453DCE68F44765A26FB829 /* SocialSharing.m in Sources */ = {isa = PBXBuildFile; fileRef = AADBB14E0C534162AA3A2152 /* SocialSharing.m */; };
		A5C7FA3867EA4A549E0682BB /* Social.framework in Frameworks */ = {isa = PBXBuildFile; fileRef = ADAF9B197D4F4511843527E9 /* Social.framework */; settings = {ATTRIBUTES = (Weak, ); }; };
		297FE87DD36241BE9047E76B /* MessageUI.framework in Frameworks */ = {isa = PBXBuildFile; fileRef = 774F986F83E24278BB56142F /* MessageUI.framework */; settings = {ATTRIBUTES = (Weak, ); }; };
/* End PBXBuildFile section */

/* Begin PBXContainerItemProxy section */
		301BF534109A57CC0062928A /* PBXContainerItemProxy */ = {
			isa = PBXContainerItemProxy;
			containerPortal = 301BF52D109A57CC0062928A /* CordovaLib.xcodeproj */;
			proxyType = 2;
			remoteGlobalIDString = D2AAC07E0554694100DB518D;
			remoteInfo = CordovaLib;
		};
		301BF550109A68C00062928A /* PBXContainerItemProxy */ = {
			isa = PBXContainerItemProxy;
			containerPortal = 301BF52D109A57CC0062928A /* CordovaLib.xcodeproj */;
			proxyType = 1;
			remoteGlobalIDString = D2AAC07D0554694100DB518D;
			remoteInfo = CordovaLib;
		};
/* End PBXContainerItemProxy section */

/* Begin PBXFileReference section */
		0207DA571B56EA530066E2B4 /* Images.xcassets */ = {isa = PBXFileReference; lastKnownFileType = folder.assetcatalog; name = Images.xcassets; path = "Casabella Arredamenti/Images.xcassets"; sourceTree = SOURCE_ROOT; };
		1D3623240D0F684500981E51 /* AppDelegate.h */ = {isa = PBXFileReference; fileEncoding = 4; lastKnownFileType = sourcecode.c.h; path = AppDelegate.h; sourceTree = "<group>"; };
		1D3623250D0F684500981E51 /* AppDelegate.m */ = {isa = PBXFileReference; fileEncoding = 4; lastKnownFileType = sourcecode.c.objc; path = AppDelegate.m; sourceTree = "<group>"; };
		1D6058910D05DD3D006BFB54 /* Casabella Arredamenti.app */ = {isa = PBXFileReference; explicitFileType = wrapper.application; includeInIndex = 0; path = "Casabella Arredamenti.app"; sourceTree = BUILT_PRODUCTS_DIR; };
		29B97316FDCFA39411CA2CEA /* main.m */ = {isa = PBXFileReference; fileEncoding = 4; lastKnownFileType = sourcecode.c.objc; path = main.m; sourceTree = "<group>"; };
		301BF52D109A57CC0062928A /* CordovaLib.xcodeproj */ = {isa = PBXFileReference; lastKnownFileType = "wrapper.pb-project"; name = CordovaLib.xcodeproj; path = CordovaLib/CordovaLib.xcodeproj; sourceTree = "<group>"; };
		301BF56E109A69640062928A /* www */ = {isa = PBXFileReference; lastKnownFileType = folder; path = www; sourceTree = SOURCE_ROOT; };
		302D95EE14D2391D003F00A1 /* MainViewController.h */ = {isa = PBXFileReference; fileEncoding = 4; lastKnownFileType = sourcecode.c.h; path = MainViewController.h; sourceTree = "<group>"; };
		302D95EF14D2391D003F00A1 /* MainViewController.m */ = {isa = PBXFileReference; fileEncoding = 4; lastKnownFileType = sourcecode.c.objc; path = MainViewController.m; sourceTree = "<group>"; };
		302D95F014D2391D003F00A1 /* MainViewController.xib */ = {isa = PBXFileReference; fileEncoding = 4; lastKnownFileType = file.xib; path = MainViewController.xib; sourceTree = "<group>"; };
		3047A50F1AB8059700498E2A /* build-debug.xcconfig */ = {isa = PBXFileReference; fileEncoding = 4; lastKnownFileType = text.xcconfig; name = "build-debug.xcconfig"; path = cordova/build-debug.xcconfig; sourceTree = SOURCE_ROOT; };
		3047A5101AB8059700498E2A /* build-release.xcconfig */ = {isa = PBXFileReference; fileEncoding = 4; lastKnownFileType = text.xcconfig; name = "build-release.xcconfig"; path = cordova/build-release.xcconfig; sourceTree = SOURCE_ROOT; };
		3047A5111AB8059700498E2A /* build.xcconfig */ = {isa = PBXFileReference; fileEncoding = 4; lastKnownFileType = text.xcconfig; name = build.xcconfig; path = cordova/build.xcconfig; sourceTree = SOURCE_ROOT; };
		32CA4F630368D1EE00C91783 /* Casabella Arredamenti-Prefix.pch */ = {isa = PBXFileReference; fileEncoding = 4; lastKnownFileType = sourcecode.c.h; path = "Casabella Arredamenti-Prefix.pch"; sourceTree = "<group>"; };
		6AFF5BF81D6E424B00AB3073 /* CDVLaunchScreen.storyboard */ = {isa = PBXFileReference; fileEncoding = 4; lastKnownFileType = file.storyboard; name = CDVLaunchScreen.storyboard; path = "Casabella Arredamenti/CDVLaunchScreen.storyboard"; sourceTree = SOURCE_ROOT; };
		8D1107310486CEB800E47090 /* Casabella Arredamenti-Info.plist */ = {isa = PBXFileReference; fileEncoding = 4; lastKnownFileType = text.plist.xml; name = "Casabella Arredamenti-Info.plist"; path = "Casabella Arredamenti/Casabella Arredamenti-Info.plist"; plistStructureDefinitionIdentifier = "com.apple.xcode.plist.structure-definition.iphone.info-plist"; sourceTree = SOURCE_ROOT; };
		EB87FDF31871DA8E0020F90C /* www */ = {isa = PBXFileReference; lastKnownFileType = folder; name = www; path = ../../www; sourceTree = "<group>"; };
		EB87FDF41871DAF40020F90C /* config.xml */ = {isa = PBXFileReference; lastKnownFileType = text.xml; name = config.xml; path = ../../config.xml; sourceTree = "<group>"; };
		F840E1F0165FE0F500CFE078 /* config.xml */ = {isa = PBXFileReference; lastKnownFileType = text.xml; name = config.xml; path = "Casabella Arredamenti/config.xml"; sourceTree = "<group>"; };
		ED33DF2A687741AEAF9F8254 /* Bridging-Header.h */ = {isa = PBXFileReference; fileEncoding = 4; lastKnownFileType = sourcecode.c.h; name = "Bridging-Header.h"; path = "Bridging-Header.h"; sourceTree = "<group>"; };
		830ADDDFE8544C2DA6C43333 /* AppDelegate+notification.m */ = {isa = PBXFileReference; name = "AppDelegate+notification.m"; path = "phonegap-plugin-push/AppDelegate+notification.m"; sourceTree = "<group>"; fileEncoding = 4; lastKnownFileType = sourcecode.c.objc; explicitFileType = undefined; includeInIndex = 0; };
		07E6A5964B4D48F5B6975776 /* PushPlugin.m */ = {isa = PBXFileReference; name = "PushPlugin.m"; path = "phonegap-plugin-push/PushPlugin.m"; sourceTree = "<group>"; fileEncoding = 4; lastKnownFileType = sourcecode.c.objc; explicitFileType = undefined; includeInIndex = 0; };
		2C2096F47C8841209E441AAC /* libGGLCloudMessaging.a */ = {isa = PBXFileReference; name = "libGGLCloudMessaging.a"; path = "Casabella Arredamenti/Plugins/phonegap-plugin-push/GCM/Libraries/libGGLCloudMessaging.a"; sourceTree = "<group>"; fileEncoding = undefined; lastKnownFileType = archive.ar; explicitFileType = undefined; includeInIndex = 0; };
		D30ECE0221DB4762B2B65EF6 /* libGGLCore.a */ = {isa = PBXFileReference; name = "libGGLCore.a"; path = "Casabella Arredamenti/Plugins/phonegap-plugin-push/GCM/Libraries/libGGLCore.a"; sourceTree = "<group>"; fileEncoding = undefined; lastKnownFileType = archive.ar; explicitFileType = undefined; includeInIndex = 0; };
		17EFCD71E9ED4DEC9F1628A1 /* libGGLInstanceIDLib.a */ = {isa = PBXFileReference; name = "libGGLInstanceIDLib.a"; path = "Casabella Arredamenti/Plugins/phonegap-plugin-push/GCM/Libraries/libGGLInstanceIDLib.a"; sourceTree = "<group>"; fileEncoding = undefined; lastKnownFileType = archive.ar; explicitFileType = undefined; includeInIndex = 0; };
		949DFD5568BD496FAA3F6125 /* libGIP_Reachability.a */ = {isa = PBXFileReference; name = "libGIP_Reachability.a"; path = "Casabella Arredamenti/Plugins/phonegap-plugin-push/GCM/Libraries/libGIP_Reachability.a"; sourceTree = "<group>"; fileEncoding = undefined; lastKnownFileType = archive.ar; explicitFileType = undefined; includeInIndex = 0; };
		EBCF902DCE1A4B39B7998B3A /* libGSDK_Overload.a */ = {isa = PBXFileReference; name = "libGSDK_Overload.a"; path = "Casabella Arredamenti/Plugins/phonegap-plugin-push/GCM/Libraries/libGSDK_Overload.a"; sourceTree = "<group>"; fileEncoding = undefined; lastKnownFileType = archive.ar; explicitFileType = undefined; includeInIndex = 0; };
		1A1FE484EB2449EEB18E57FB /* libGTMSessionFetcher_core.a */ = {isa = PBXFileReference; name = "libGTMSessionFetcher_core.a"; path = "Casabella Arredamenti/Plugins/phonegap-plugin-push/GCM/Libraries/libGTMSessionFetcher_core.a"; sourceTree = "<group>"; fileEncoding = undefined; lastKnownFileType = archive.ar; explicitFileType = undefined; includeInIndex = 0; };
		D9E36D645E62447DA2F5A367 /* libGTMSessionFetcher_full.a */ = {isa = PBXFileReference; name = "libGTMSessionFetcher_full.a"; path = "Casabella Arredamenti/Plugins/phonegap-plugin-push/GCM/Libraries/libGTMSessionFetcher_full.a"; sourceTree = "<group>"; fileEncoding = undefined; lastKnownFileType = archive.ar; explicitFileType = undefined; includeInIndex = 0; };
		E2049BFDCEF547388E7D8D1B /* libGTMStackTrace.a */ = {isa = PBXFileReference; name = "libGTMStackTrace.a"; path = "Casabella Arredamenti/Plugins/phonegap-plugin-push/GCM/Libraries/libGTMStackTrace.a"; sourceTree = "<group>"; fileEncoding = undefined; lastKnownFileType = archive.ar; explicitFileType = undefined; includeInIndex = 0; };
		67C02C5003354DC486F0A599 /* libGTM_AddressBook.a */ = {isa = PBXFileReference; name = "libGTM_AddressBook.a"; path = "Casabella Arredamenti/Plugins/phonegap-plugin-push/GCM/Libraries/libGTM_AddressBook.a"; sourceTree = "<group>"; fileEncoding = undefined; lastKnownFileType = archive.ar; explicitFileType = undefined; includeInIndex = 0; };
		212D23041210424C9CE00EDD /* libGTM_DebugUtils.a */ = {isa = PBXFileReference; name = "libGTM_DebugUtils.a"; path = "Casabella Arredamenti/Plugins/phonegap-plugin-push/GCM/Libraries/libGTM_DebugUtils.a"; sourceTree = "<group>"; fileEncoding = undefined; lastKnownFileType = archive.ar; explicitFileType = undefined; includeInIndex = 0; };
		16A851B25254471BBBD63F7E /* libGTM_GTMURLBuilder.a */ = {isa = PBXFileReference; name = "libGTM_GTMURLBuilder.a"; path = "Casabella Arredamenti/Plugins/phonegap-plugin-push/GCM/Libraries/libGTM_GTMURLBuilder.a"; sourceTree = "<group>"; fileEncoding = undefined; lastKnownFileType = archive.ar; explicitFileType = undefined; includeInIndex = 0; };
		74E4D687A62247D78547941B /* libGTM_KVO.a */ = {isa = PBXFileReference; name = "libGTM_KVO.a"; path = "Casabella Arredamenti/Plugins/phonegap-plugin-push/GCM/Libraries/libGTM_KVO.a"; sourceTree = "<group>"; fileEncoding = undefined; lastKnownFileType = archive.ar; explicitFileType = undefined; includeInIndex = 0; };
		F01F77DBE2E941189FB20840 /* libGTM_NSData+zlib.a */ = {isa = PBXFileReference; name = "libGTM_NSData+zlib.a"; path = "Casabella Arredamenti/Plugins/phonegap-plugin-push/GCM/Libraries/libGTM_NSData+zlib.a"; sourceTree = "<group>"; fileEncoding = undefined; lastKnownFileType = archive.ar; explicitFileType = undefined; includeInIndex = 0; };
		36D17F2117FC4D9FB2D1BB20 /* libGTM_NSDictionary+URLArguments.a */ = {isa = PBXFileReference; name = "libGTM_NSDictionary+URLArguments.a"; path = "Casabella Arredamenti/Plugins/phonegap-plugin-push/GCM/Libraries/libGTM_NSDictionary+URLArguments.a"; sourceTree = "<group>"; fileEncoding = undefined; lastKnownFileType = archive.ar; explicitFileType = undefined; includeInIndex = 0; };
		B2A3D4387BE84BB389519A55 /* libGTM_NSScannerJSON.a */ = {isa = PBXFileReference; name = "libGTM_NSScannerJSON.a"; path = "Casabella Arredamenti/Plugins/phonegap-plugin-push/GCM/Libraries/libGTM_NSScannerJSON.a"; sourceTree = "<group>"; fileEncoding = undefined; lastKnownFileType = archive.ar; explicitFileType = undefined; includeInIndex = 0; };
		787AC84CCC444E20879D205A /* libGTM_NSStringHTML.a */ = {isa = PBXFileReference; name = "libGTM_NSStringHTML.a"; path = "Casabella Arredamenti/Plugins/phonegap-plugin-push/GCM/Libraries/libGTM_NSStringHTML.a"; sourceTree = "<group>"; fileEncoding = undefined; lastKnownFileType = archive.ar; explicitFileType = undefined; includeInIndex = 0; };
		990EDAC9E970441FAF30D63F /* libGTM_NSStringXML.a */ = {isa = PBXFileReference; name = "libGTM_NSStringXML.a"; path = "Casabella Arredamenti/Plugins/phonegap-plugin-push/GCM/Libraries/libGTM_NSStringXML.a"; sourceTree = "<group>"; fileEncoding = undefined; lastKnownFileType = archive.ar; explicitFileType = undefined; includeInIndex = 0; };
		E61F0DAF13734F8F80A692C4 /* libGTM_Regex.a */ = {isa = PBXFileReference; name = "libGTM_Regex.a"; path = "Casabella Arredamenti/Plugins/phonegap-plugin-push/GCM/Libraries/libGTM_Regex.a"; sourceTree = "<group>"; fileEncoding = undefined; lastKnownFileType = archive.ar; explicitFileType = undefined; includeInIndex = 0; };
		683CA30B78A647D6B430F0E9 /* libGTM_RoundedRectPath.a */ = {isa = PBXFileReference; name = "libGTM_RoundedRectPath.a"; path = "Casabella Arredamenti/Plugins/phonegap-plugin-push/GCM/Libraries/libGTM_RoundedRectPath.a"; sourceTree = "<group>"; fileEncoding = undefined; lastKnownFileType = archive.ar; explicitFileType = undefined; includeInIndex = 0; };
		30BEB0DB4DF647C495904AEB /* libGTM_StringEncoding.a */ = {isa = PBXFileReference; name = "libGTM_StringEncoding.a"; path = "Casabella Arredamenti/Plugins/phonegap-plugin-push/GCM/Libraries/libGTM_StringEncoding.a"; sourceTree = "<group>"; fileEncoding = undefined; lastKnownFileType = archive.ar; explicitFileType = undefined; includeInIndex = 0; };
		D0A8CDE15F0E4D06AC64A059 /* libGTM_SystemVersion.a */ = {isa = PBXFileReference; name = "libGTM_SystemVersion.a"; path = "Casabella Arredamenti/Plugins/phonegap-plugin-push/GCM/Libraries/libGTM_SystemVersion.a"; sourceTree = "<group>"; fileEncoding = undefined; lastKnownFileType = archive.ar; explicitFileType = undefined; includeInIndex = 0; };
		5CC2467E86C2491A859EA69D /* libGTM_UIFont+LineHeight.a */ = {isa = PBXFileReference; name = "libGTM_UIFont+LineHeight.a"; path = "Casabella Arredamenti/Plugins/phonegap-plugin-push/GCM/Libraries/libGTM_UIFont+LineHeight.a"; sourceTree = "<group>"; fileEncoding = undefined; lastKnownFileType = archive.ar; explicitFileType = undefined; includeInIndex = 0; };
		E8E6ACC2566B463EB5D4E027 /* libGTM_core.a */ = {isa = PBXFileReference; name = "libGTM_core.a"; path = "Casabella Arredamenti/Plugins/phonegap-plugin-push/GCM/Libraries/libGTM_core.a"; sourceTree = "<group>"; fileEncoding = undefined; lastKnownFileType = archive.ar; explicitFileType = undefined; includeInIndex = 0; };
		8505A8AB2A374D798DD990DF /* libGTM_iPhone.a */ = {isa = PBXFileReference; name = "libGTM_iPhone.a"; path = "Casabella Arredamenti/Plugins/phonegap-plugin-push/GCM/Libraries/libGTM_iPhone.a"; sourceTree = "<group>"; fileEncoding = undefined; lastKnownFileType = archive.ar; explicitFileType = undefined; includeInIndex = 0; };
		752456139CBD40ABAE369EEB /* libGcmLib.a */ = {isa = PBXFileReference; name = "libGcmLib.a"; path = "Casabella Arredamenti/Plugins/phonegap-plugin-push/GCM/Libraries/libGcmLib.a"; sourceTree = "<group>"; fileEncoding = undefined; lastKnownFileType = archive.ar; explicitFileType = undefined; includeInIndex = 0; };
		BEDEE273004443BEB71D7B24 /* libProtocolBuffers.a */ = {isa = PBXFileReference; name = "libProtocolBuffers.a"; path = "Casabella Arredamenti/Plugins/phonegap-plugin-push/GCM/Libraries/libProtocolBuffers.a"; sourceTree = "<group>"; fileEncoding = undefined; lastKnownFileType = archive.ar; explicitFileType = undefined; includeInIndex = 0; };
		0AA4E21E5CB5428EAE5AA22E /* AppDelegate+notification.h */ = {isa = PBXFileReference; name = "AppDelegate+notification.h"; path = "phonegap-plugin-push/AppDelegate+notification.h"; sourceTree = "<group>"; fileEncoding = 4; lastKnownFileType = sourcecode.c.h; explicitFileType = undefined; includeInIndex = 0; };
		87F3FCCAE6184F89AA40D113 /* PushPlugin.h */ = {isa = PBXFileReference; name = "PushPlugin.h"; path = "phonegap-plugin-push/PushPlugin.h"; sourceTree = "<group>"; fileEncoding = 4; lastKnownFileType = sourcecode.c.h; explicitFileType = undefined; includeInIndex = 0; };
		FEBF3D46510747A8A0472DD4 /* GGLInstanceID.h */ = {isa = PBXFileReference; name = "GGLInstanceID.h"; path = "phonegap-plugin-push/GCM/Headers/GGLInstanceID.h"; sourceTree = "<group>"; fileEncoding = 4; lastKnownFileType = sourcecode.c.h; explicitFileType = undefined; includeInIndex = 0; };
		9F662E8909794A39813A834B /* GGLInstanceIDConfig.h */ = {isa = PBXFileReference; name = "GGLInstanceIDConfig.h"; path = "phonegap-plugin-push/GCM/Headers/GGLInstanceIDConfig.h"; sourceTree = "<group>"; fileEncoding = 4; lastKnownFileType = sourcecode.c.h; explicitFileType = undefined; includeInIndex = 0; };
		87AC159645A34CB3B0EED123 /* GGLInstanceIDDelegate.h */ = {isa = PBXFileReference; name = "GGLInstanceIDDelegate.h"; path = "phonegap-plugin-push/GCM/Headers/GGLInstanceIDDelegate.h"; sourceTree = "<group>"; fileEncoding = 4; lastKnownFileType = sourcecode.c.h; explicitFileType = undefined; includeInIndex = 0; };
		A51968520F9A448490453074 /* GGLInstanceIDHeaders.h */ = {isa = PBXFileReference; name = "GGLInstanceIDHeaders.h"; path = "phonegap-plugin-push/GCM/Headers/GGLInstanceIDHeaders.h"; sourceTree = "<group>"; fileEncoding = 4; lastKnownFileType = sourcecode.c.h; explicitFileType = undefined; includeInIndex = 0; };
		DCD1017B353E491BA8067A43 /* CloudMessaging.h */ = {isa = PBXFileReference; name = "CloudMessaging.h"; path = "phonegap-plugin-push/GCM/Headers/CloudMessaging.h"; sourceTree = "<group>"; fileEncoding = 4; lastKnownFileType = sourcecode.c.h; explicitFileType = undefined; includeInIndex = 0; };
		AFA6C2DF4A194CC6AD36FDC1 /* GGLContext+CloudMessaging.h */ = {isa = PBXFileReference; name = "GGLContext+CloudMessaging.h"; path = "phonegap-plugin-push/GCM/Headers/GGLContext+CloudMessaging.h"; sourceTree = "<group>"; fileEncoding = 4; lastKnownFileType = sourcecode.c.h; explicitFileType = undefined; includeInIndex = 0; };
		78A86B955A134D26BC934009 /* Core.h */ = {isa = PBXFileReference; name = "Core.h"; path = "phonegap-plugin-push/GCM/Headers/Core.h"; sourceTree = "<group>"; fileEncoding = 4; lastKnownFileType = sourcecode.c.h; explicitFileType = undefined; includeInIndex = 0; };
		EB13A6B092124BB89727DE82 /* GGLConfiguration.h */ = {isa = PBXFileReference; name = "GGLConfiguration.h"; path = "phonegap-plugin-push/GCM/Headers/GGLConfiguration.h"; sourceTree = "<group>"; fileEncoding = 4; lastKnownFileType = sourcecode.c.h; explicitFileType = undefined; includeInIndex = 0; };
		B1372BA981504163AA275A18 /* GGLContext.h */ = {isa = PBXFileReference; name = "GGLContext.h"; path = "phonegap-plugin-push/GCM/Headers/GGLContext.h"; sourceTree = "<group>"; fileEncoding = 4; lastKnownFileType = sourcecode.c.h; explicitFileType = undefined; includeInIndex = 0; };
		02112546EDBB40ACB2A86E5D /* GGLErrorCode.h */ = {isa = PBXFileReference; name = "GGLErrorCode.h"; path = "phonegap-plugin-push/GCM/Headers/GGLErrorCode.h"; sourceTree = "<group>"; fileEncoding = 4; lastKnownFileType = sourcecode.c.h; explicitFileType = undefined; includeInIndex = 0; };
		33BE8FEAE9AC4498BF0ECA64 /* GCMConfig.h */ = {isa = PBXFileReference; name = "GCMConfig.h"; path = "phonegap-plugin-push/GCM/Headers/GCMConfig.h"; sourceTree = "<group>"; fileEncoding = 4; lastKnownFileType = sourcecode.c.h; explicitFileType = undefined; includeInIndex = 0; };
		17FF1B65CE084247BB26622A /* GCMPubSub.h */ = {isa = PBXFileReference; name = "GCMPubSub.h"; path = "phonegap-plugin-push/GCM/Headers/GCMPubSub.h"; sourceTree = "<group>"; fileEncoding = 4; lastKnownFileType = sourcecode.c.h; explicitFileType = undefined; includeInIndex = 0; };
		D588E4064EE44C45A8EC28E1 /* GCMReceiverDelegate.h */ = {isa = PBXFileReference; name = "GCMReceiverDelegate.h"; path = "phonegap-plugin-push/GCM/Headers/GCMReceiverDelegate.h"; sourceTree = "<group>"; fileEncoding = 4; lastKnownFileType = sourcecode.c.h; explicitFileType = undefined; includeInIndex = 0; };
		D485DF13062141A18929DB2A /* GCMService.h */ = {isa = PBXFileReference; name = "GCMService.h"; path = "phonegap-plugin-push/GCM/Headers/GCMService.h"; sourceTree = "<group>"; fileEncoding = 4; lastKnownFileType = sourcecode.c.h; explicitFileType = undefined; includeInIndex = 0; };
		381564E22ECC4A7EBC876F48 /* GoogleCloudMessaging.h */ = {isa = PBXFileReference; name = "GoogleCloudMessaging.h"; path = "phonegap-plugin-push/GCM/Headers/GoogleCloudMessaging.h"; sourceTree = "<group>"; fileEncoding = 4; lastKnownFileType = sourcecode.c.h; explicitFileType = undefined; includeInIndex = 0; };
		B74D8D1FF7E34732986F221C /* AddressBook.framework */ = {isa = PBXFileReference; name = "AddressBook.framework"; path = "System/Library/Frameworks/AddressBook.framework"; sourceTree = SDKROOT; fileEncoding = undefined; lastKnownFileType = wrapper.framework; explicitFileType = undefined; includeInIndex = 0; };
		1DC63D6E377343D4B28A1F8F /* libsqlite3.tbd */ = {isa = PBXFileReference; name = "libsqlite3.tbd"; path = "usr/lib/libsqlite3.tbd"; sourceTree = SDKROOT; fileEncoding = undefined; lastKnownFileType = sourcecode.text-based-dylib-definition; explicitFileType = undefined; includeInIndex = 0; };
		B384F4898867446EAC56CAC0 /* libz.tbd */ = {isa = PBXFileReference; name = "libz.tbd"; path = "usr/lib/libz.tbd"; sourceTree = SDKROOT; fileEncoding = undefined; lastKnownFileType = sourcecode.text-based-dylib-definition; explicitFileType = undefined; includeInIndex = 0; };
		51EBFBEBC22B4DB7B44D31F6 /* CDVDevice.m */ = {isa = PBXFileReference; name = "CDVDevice.m"; path = "cordova-plugin-device/CDVDevice.m"; sourceTree = "<group>"; fileEncoding = 4; lastKnownFileType = sourcecode.c.objc; explicitFileType = undefined; includeInIndex = 0; };
		E067CF230F394EB1A8574238 /* CDVDevice.h */ = {isa = PBXFileReference; name = "CDVDevice.h"; path = "cordova-plugin-device/CDVDevice.h"; sourceTree = "<group>"; fileEncoding = 4; lastKnownFileType = sourcecode.c.h; explicitFileType = undefined; includeInIndex = 0; };
		F5DD07C18B444323A0CA5430 /* CDVNotification.m */ = {isa = PBXFileReference; name = "CDVNotification.m"; path = "cordova-plugin-dialogs/CDVNotification.m"; sourceTree = "<group>"; fileEncoding = 4; lastKnownFileType = sourcecode.c.objc; explicitFileType = undefined; includeInIndex = 0; };
		BDFA123365264CCAB49D1837 /* CDVNotification.h */ = {isa = PBXFileReference; name = "CDVNotification.h"; path = "cordova-plugin-dialogs/CDVNotification.h"; sourceTree = "<group>"; fileEncoding = 4; lastKnownFileType = sourcecode.c.h; explicitFileType = undefined; includeInIndex = 0; };
		AA1ACD5DAFE24BBF82F499B4 /* CDVNotification.bundle */ = {isa = PBXFileReference; name = "CDVNotification.bundle"; path = "CDVNotification.bundle"; sourceTree = "<group>"; fileEncoding = undefined; lastKnownFileType = wrapper.plug-in; explicitFileType = undefined; includeInIndex = 0; };
		893A7BEF82B546DDB4EC7E3D /* AudioToolbox.framework */ = {isa = PBXFileReference; name = "AudioToolbox.framework"; path = "System/Library/Frameworks/AudioToolbox.framework"; sourceTree = SDKROOT; fileEncoding = undefined; lastKnownFileType = wrapper.framework; explicitFileType = undefined; includeInIndex = 0; };
		238A885A4DE84E06BEED7CD9 /* CDVInAppBrowser.m */ = {isa = PBXFileReference; name = "CDVInAppBrowser.m"; path = "cordova-plugin-inappbrowser/CDVInAppBrowser.m"; sourceTree = "<group>"; fileEncoding = 4; lastKnownFileType = sourcecode.c.objc; explicitFileType = undefined; includeInIndex = 0; };
		6307F07A22D040189EF3F512 /* CDVInAppBrowser.h */ = {isa = PBXFileReference; name = "CDVInAppBrowser.h"; path = "cordova-plugin-inappbrowser/CDVInAppBrowser.h"; sourceTree = "<group>"; fileEncoding = 4; lastKnownFileType = sourcecode.c.h; explicitFileType = undefined; includeInIndex = 0; };
		507C9D89C9E6485EADB1612C /* CDVConnection.m */ = {isa = PBXFileReference; name = "CDVConnection.m"; path = "cordova-plugin-network-information/CDVConnection.m"; sourceTree = "<group>"; fileEncoding = 4; lastKnownFileType = sourcecode.c.objc; explicitFileType = undefined; includeInIndex = 0; };
		460DDD15FC964DEC940D5860 /* CDVReachability.m */ = {isa = PBXFileReference; name = "CDVReachability.m"; path = "cordova-plugin-network-information/CDVReachability.m"; sourceTree = "<group>"; fileEncoding = 4; lastKnownFileType = sourcecode.c.objc; explicitFileType = undefined; includeInIndex = 0; };
		5F49A67B96284C9DBF91B89E /* CDVConnection.h */ = {isa = PBXFileReference; name = "CDVConnection.h"; path = "cordova-plugin-network-information/CDVConnection.h"; sourceTree = "<group>"; fileEncoding = 4; lastKnownFileType = sourcecode.c.h; explicitFileType = undefined; includeInIndex = 0; };
		D570D0114899470681667E5A /* CDVReachability.h */ = {isa = PBXFileReference; name = "CDVReachability.h"; path = "cordova-plugin-network-information/CDVReachability.h"; sourceTree = "<group>"; fileEncoding = 4; lastKnownFileType = sourcecode.c.h; explicitFileType = undefined; includeInIndex = 0; };
		018DB98265A5451DB86B6F33 /* SystemConfiguration.framework */ = {isa = PBXFileReference; name = "SystemConfiguration.framework"; path = "System/Library/Frameworks/SystemConfiguration.framework"; sourceTree = SDKROOT; fileEncoding = undefined; lastKnownFileType = wrapper.framework; explicitFileType = undefined; includeInIndex = 0; };
		E2DC9102DF4F4DB9BFC10F2F /* CoreTelephony.framework */ = {isa = PBXFileReference; name = "CoreTelephony.framework"; path = "System/Library/Frameworks/CoreTelephony.framework"; sourceTree = SDKROOT; fileEncoding = undefined; lastKnownFileType = wrapper.framework; explicitFileType = undefined; includeInIndex = 0; };
		9DFF5166FFC94C9C89F20414 /* CDVStatusBar.m */ = {isa = PBXFileReference; name = "CDVStatusBar.m"; path = "cordova-plugin-statusbar/CDVStatusBar.m"; sourceTree = "<group>"; fileEncoding = 4; lastKnownFileType = sourcecode.c.objc; explicitFileType = undefined; includeInIndex = 0; };
		79C2673302434E1FA99DC738 /* CDVStatusBar.h */ = {isa = PBXFileReference; name = "CDVStatusBar.h"; path = "cordova-plugin-statusbar/CDVStatusBar.h"; sourceTree = "<group>"; fileEncoding = 4; lastKnownFileType = sourcecode.c.h; explicitFileType = undefined; includeInIndex = 0; };
		4F93DA6B16164B7E81E6FD6E /* CDVContacts.m */ = {isa = PBXFileReference; name = "CDVContacts.m"; path = "cordova-plugin-contacts/CDVContacts.m"; sourceTree = "<group>"; fileEncoding = 4; lastKnownFileType = sourcecode.c.objc; explicitFileType = undefined; includeInIndex = 0; };
		8F459EABC45C495589BBCD87 /* CDVContact.m */ = {isa = PBXFileReference; name = "CDVContact.m"; path = "cordova-plugin-contacts/CDVContact.m"; sourceTree = "<group>"; fileEncoding = 4; lastKnownFileType = sourcecode.c.objc; explicitFileType = undefined; includeInIndex = 0; };
		D1289A0161EB43A3AE6EDADB /* CDVContacts.h */ = {isa = PBXFileReference; name = "CDVContacts.h"; path = "cordova-plugin-contacts/CDVContacts.h"; sourceTree = "<group>"; fileEncoding = 4; lastKnownFileType = sourcecode.c.h; explicitFileType = undefined; includeInIndex = 0; };
		4821CB58ECA34C3CBA8578F4 /* CDVContact.h */ = {isa = PBXFileReference; name = "CDVContact.h"; path = "cordova-plugin-contacts/CDVContact.h"; sourceTree = "<group>"; fileEncoding = 4; lastKnownFileType = sourcecode.c.h; explicitFileType = undefined; includeInIndex = 0; };
		BC89D575526547AF957735C7 /* AddressBookUI.framework */ = {isa = PBXFileReference; name = "AddressBookUI.framework"; path = "System/Library/Frameworks/AddressBookUI.framework"; sourceTree = SDKROOT; fileEncoding = undefined; lastKnownFileType = wrapper.framework; explicitFileType = undefined; includeInIndex = 0; };
		A68D6D4CDB124C85969D93DB /* NSString+SSURLEncoding.m */ = {isa = PBXFileReference; name = "NSString+SSURLEncoding.m"; path = "cordova-plugin-x-socialsharing/NSString+SSURLEncoding.m"; sourceTree = "<group>"; fileEncoding = 4; lastKnownFileType = sourcecode.c.objc; explicitFileType = undefined; includeInIndex = 0; };
		AADBB14E0C534162AA3A2152 /* SocialSharing.m */ = {isa = PBXFileReference; name = "SocialSharing.m"; path = "cordova-plugin-x-socialsharing/SocialSharing.m"; sourceTree = "<group>"; fileEncoding = 4; lastKnownFileType = sourcecode.c.objc; explicitFileType = undefined; includeInIndex = 0; };
		8BAC77E3DE3C4196863F42C9 /* NSString+SSURLEncoding.h */ = {isa = PBXFileReference; name = "NSString+SSURLEncoding.h"; path = "cordova-plugin-x-socialsharing/NSString+SSURLEncoding.h"; sourceTree = "<group>"; fileEncoding = 4; lastKnownFileType = sourcecode.c.h; explicitFileType = undefined; includeInIndex = 0; };
		E0EEBD943B284FB889494891 /* SocialSharing.h */ = {isa = PBXFileReference; name = "SocialSharing.h"; path = "cordova-plugin-x-socialsharing/SocialSharing.h"; sourceTree = "<group>"; fileEncoding = 4; lastKnownFileType = sourcecode.c.h; explicitFileType = undefined; includeInIndex = 0; };
		ADAF9B197D4F4511843527E9 /* Social.framework */ = {isa = PBXFileReference; name = "Social.framework"; path = "System/Library/Frameworks/Social.framework"; sourceTree = SDKROOT; fileEncoding = undefined; lastKnownFileType = wrapper.framework; explicitFileType = undefined; includeInIndex = 0; };
		774F986F83E24278BB56142F /* MessageUI.framework */ = {isa = PBXFileReference; name = "MessageUI.framework"; path = "System/Library/Frameworks/MessageUI.framework"; sourceTree = SDKROOT; fileEncoding = undefined; lastKnownFileType = wrapper.framework; explicitFileType = undefined; includeInIndex = 0; };
/* End PBXFileReference section */

/* Begin PBXFrameworksBuildPhase section */
		1D60588F0D05DD3D006BFB54 /* Frameworks */ = {
			isa = PBXFrameworksBuildPhase;
			buildActionMask = 2147483647;
			files = (
				301BF552109A68D80062928A /* libCordova.a in Frameworks */,
				A80BED8FB5144BD9BDF44FA6 /* libGGLCloudMessaging.a in Frameworks */,
				606CFF049D314B9F9A604DF5 /* libGGLCore.a in Frameworks */,
				B1BAD6EB155F4672A6EA0C49 /* libGGLInstanceIDLib.a in Frameworks */,
				122530D8371C459982C613CA /* libGIP_Reachability.a in Frameworks */,
				8BD64BC3C1034978BDAA2614 /* libGSDK_Overload.a in Frameworks */,
				0B1B54965C65416A969632EB /* libGTMSessionFetcher_core.a in Frameworks */,
				CD7D5B9CEDC64846ACB25D0A /* libGTMSessionFetcher_full.a in Frameworks */,
				09DD2C9B942B4C4C94E591AC /* libGTMStackTrace.a in Frameworks */,
				01CCF3A815C14795812D1446 /* libGTM_AddressBook.a in Frameworks */,
				92A58B899432406091649C6B /* libGTM_DebugUtils.a in Frameworks */,
				5093977E22B0480DACD3E288 /* libGTM_GTMURLBuilder.a in Frameworks */,
				E21365D8DB654E3D90131C7F /* libGTM_KVO.a in Frameworks */,
				5D4B172BCC3545A993CAF2C2 /* libGTM_NSData+zlib.a in Frameworks */,
				A4F60B495DA44A0E989D7749 /* libGTM_NSDictionary+URLArguments.a in Frameworks */,
				6065202F071F4C01A6A7CB52 /* libGTM_NSScannerJSON.a in Frameworks */,
				C493F710FF644655BCF1CF30 /* libGTM_NSStringHTML.a in Frameworks */,
				0200F56FC5AE40C8A0924F00 /* libGTM_NSStringXML.a in Frameworks */,
				9FC316C79B834C20B22A9DC6 /* libGTM_Regex.a in Frameworks */,
				8EE8AD9B95A64FC1A612793F /* libGTM_RoundedRectPath.a in Frameworks */,
				651DDB7892EC4290BF6E1719 /* libGTM_StringEncoding.a in Frameworks */,
				727C1D7A6CD542568E9FCE06 /* libGTM_SystemVersion.a in Frameworks */,
				4F6FFF6AEB0C44348C91DDF5 /* libGTM_UIFont+LineHeight.a in Frameworks */,
				ACDF5537FCB14DEABBCF180E /* libGTM_core.a in Frameworks */,
				392B4E0F63C34468A127FF6D /* libGTM_iPhone.a in Frameworks */,
				D57BB330CBD44592ADA3FC40 /* libGcmLib.a in Frameworks */,
				961165D258F048B5864768D4 /* libProtocolBuffers.a in Frameworks */,
				75A7CF5A4328486B8184FA29 /* AddressBook.framework in Frameworks */,
				086D85239560476B99248EDD /* libsqlite3.tbd in Frameworks */,
				575A55DB192649128227E8E4 /* libz.tbd in Frameworks */,
				84056BC611734C6595718644 /* AudioToolbox.framework in Frameworks */,
				7A95675D9A594B989DDEAA61 /* SystemConfiguration.framework in Frameworks */,
				F7AE9249233944BB864DE35E /* CoreTelephony.framework in Frameworks */,
				33D7D44C059E435A83BB791E /* AddressBookUI.framework in Frameworks */,
				A5C7FA3867EA4A549E0682BB /* Social.framework in Frameworks */,
				297FE87DD36241BE9047E76B /* MessageUI.framework in Frameworks */,
			);
			runOnlyForDeploymentPostprocessing = 0;
		};
/* End PBXFrameworksBuildPhase section */

/* Begin PBXGroup section */
		080E96DDFE201D6D7F000001 /* Classes */ = {
			isa = PBXGroup;
			children = (
				302D95EE14D2391D003F00A1 /* MainViewController.h */,
				302D95EF14D2391D003F00A1 /* MainViewController.m */,
				302D95F014D2391D003F00A1 /* MainViewController.xib */,
				1D3623240D0F684500981E51 /* AppDelegate.h */,
				1D3623250D0F684500981E51 /* AppDelegate.m */,
			);
			name = Classes;
			path = "Casabella Arredamenti/Classes";
			sourceTree = SOURCE_ROOT;
		};
		19C28FACFE9D520D11CA2CBB /* Products */ = {
			isa = PBXGroup;
			children = (
				1D6058910D05DD3D006BFB54 /* Casabella Arredamenti.app */,
			);
			name = Products;
			sourceTree = "<group>";
		};
		29B97314FDCFA39411CA2CEA /* CustomTemplate */ = {
			isa = PBXGroup;
			children = (
				EB87FDF41871DAF40020F90C /* config.xml */,
				EB87FDF31871DA8E0020F90C /* www */,
				EB87FDF11871DA420020F90C /* Staging */,
				301BF52D109A57CC0062928A /* CordovaLib.xcodeproj */,
				080E96DDFE201D6D7F000001 /* Classes */,
				307C750510C5A3420062BCA9 /* Plugins */,
				29B97315FDCFA39411CA2CEA /* Other Sources */,
				29B97317FDCFA39411CA2CEA /* Resources */,
				29B97323FDCFA39411CA2CEA /* Frameworks */,
				19C28FACFE9D520D11CA2CBB /* Products */,
			);
			name = CustomTemplate;
			sourceTree = "<group>";
		};
		29B97315FDCFA39411CA2CEA /* Other Sources */ = {
			isa = PBXGroup;
			children = (
				32CA4F630368D1EE00C91783 /* Casabella Arredamenti-Prefix.pch */,
				29B97316FDCFA39411CA2CEA /* main.m */,
				ED33DF2A687741AEAF9F8254 /* Bridging-Header.h */,
			);
			name = "Other Sources";
			path = "Casabella Arredamenti";
			sourceTree = "<group>";
		};
		29B97317FDCFA39411CA2CEA /* Resources */ = {
			isa = PBXGroup;
			children = (
				0207DA571B56EA530066E2B4 /* Images.xcassets */,
				3047A50E1AB8057F00498E2A /* config */,
				8D1107310486CEB800E47090 /* Casabella Arredamenti-Info.plist */,
				6AFF5BF81D6E424B00AB3073 /* CDVLaunchScreen.storyboard */,
				AA1ACD5DAFE24BBF82F499B4 /* CDVNotification.bundle */,
			);
			name = Resources;
			path = "Casabella Arredamenti/Resources";
			sourceTree = "<group>";
		};
		29B97323FDCFA39411CA2CEA /* Frameworks */ = {
			isa = PBXGroup;
			children = (
				2C2096F47C8841209E441AAC /* libGGLCloudMessaging.a */,
				D30ECE0221DB4762B2B65EF6 /* libGGLCore.a */,
				17EFCD71E9ED4DEC9F1628A1 /* libGGLInstanceIDLib.a */,
				949DFD5568BD496FAA3F6125 /* libGIP_Reachability.a */,
				EBCF902DCE1A4B39B7998B3A /* libGSDK_Overload.a */,
				1A1FE484EB2449EEB18E57FB /* libGTMSessionFetcher_core.a */,
				D9E36D645E62447DA2F5A367 /* libGTMSessionFetcher_full.a */,
				E2049BFDCEF547388E7D8D1B /* libGTMStackTrace.a */,
				67C02C5003354DC486F0A599 /* libGTM_AddressBook.a */,
				212D23041210424C9CE00EDD /* libGTM_DebugUtils.a */,
				16A851B25254471BBBD63F7E /* libGTM_GTMURLBuilder.a */,
				74E4D687A62247D78547941B /* libGTM_KVO.a */,
				F01F77DBE2E941189FB20840 /* libGTM_NSData+zlib.a */,
				36D17F2117FC4D9FB2D1BB20 /* libGTM_NSDictionary+URLArguments.a */,
				B2A3D4387BE84BB389519A55 /* libGTM_NSScannerJSON.a */,
				787AC84CCC444E20879D205A /* libGTM_NSStringHTML.a */,
				990EDAC9E970441FAF30D63F /* libGTM_NSStringXML.a */,
				E61F0DAF13734F8F80A692C4 /* libGTM_Regex.a */,
				683CA30B78A647D6B430F0E9 /* libGTM_RoundedRectPath.a */,
				30BEB0DB4DF647C495904AEB /* libGTM_StringEncoding.a */,
				D0A8CDE15F0E4D06AC64A059 /* libGTM_SystemVersion.a */,
				5CC2467E86C2491A859EA69D /* libGTM_UIFont+LineHeight.a */,
				E8E6ACC2566B463EB5D4E027 /* libGTM_core.a */,
				8505A8AB2A374D798DD990DF /* libGTM_iPhone.a */,
				752456139CBD40ABAE369EEB /* libGcmLib.a */,
				BEDEE273004443BEB71D7B24 /* libProtocolBuffers.a */,
				B74D8D1FF7E34732986F221C /* AddressBook.framework */,
				1DC63D6E377343D4B28A1F8F /* libsqlite3.tbd */,
				B384F4898867446EAC56CAC0 /* libz.tbd */,
				893A7BEF82B546DDB4EC7E3D /* AudioToolbox.framework */,
				018DB98265A5451DB86B6F33 /* SystemConfiguration.framework */,
				E2DC9102DF4F4DB9BFC10F2F /* CoreTelephony.framework */,
				BC89D575526547AF957735C7 /* AddressBookUI.framework */,
				ADAF9B197D4F4511843527E9 /* Social.framework */,
				774F986F83E24278BB56142F /* MessageUI.framework */,
			);
			name = Frameworks;
			sourceTree = "<group>";
		};
		301BF52E109A57CC0062928A /* Products */ = {
			isa = PBXGroup;
			children = (
				301BF535109A57CC0062928A /* libCordova.a */,
			);
			name = Products;
			sourceTree = "<group>";
		};
		3047A50E1AB8057F00498E2A /* config */ = {
			isa = PBXGroup;
			children = (
				3047A50F1AB8059700498E2A /* build-debug.xcconfig */,
				3047A5101AB8059700498E2A /* build-release.xcconfig */,
				3047A5111AB8059700498E2A /* build.xcconfig */,
			);
			name = config;
			sourceTree = "<group>";
		};
		307C750510C5A3420062BCA9 /* Plugins */ = {
			isa = PBXGroup;
			children = (
				830ADDDFE8544C2DA6C43333 /* AppDelegate+notification.m */,
				07E6A5964B4D48F5B6975776 /* PushPlugin.m */,
				0AA4E21E5CB5428EAE5AA22E /* AppDelegate+notification.h */,
				87F3FCCAE6184F89AA40D113 /* PushPlugin.h */,
				FEBF3D46510747A8A0472DD4 /* GGLInstanceID.h */,
				9F662E8909794A39813A834B /* GGLInstanceIDConfig.h */,
				87AC159645A34CB3B0EED123 /* GGLInstanceIDDelegate.h */,
				A51968520F9A448490453074 /* GGLInstanceIDHeaders.h */,
				DCD1017B353E491BA8067A43 /* CloudMessaging.h */,
				AFA6C2DF4A194CC6AD36FDC1 /* GGLContext+CloudMessaging.h */,
				78A86B955A134D26BC934009 /* Core.h */,
				EB13A6B092124BB89727DE82 /* GGLConfiguration.h */,
				B1372BA981504163AA275A18 /* GGLContext.h */,
				02112546EDBB40ACB2A86E5D /* GGLErrorCode.h */,
				33BE8FEAE9AC4498BF0ECA64 /* GCMConfig.h */,
				17FF1B65CE084247BB26622A /* GCMPubSub.h */,
				D588E4064EE44C45A8EC28E1 /* GCMReceiverDelegate.h */,
				D485DF13062141A18929DB2A /* GCMService.h */,
				381564E22ECC4A7EBC876F48 /* GoogleCloudMessaging.h */,
				51EBFBEBC22B4DB7B44D31F6 /* CDVDevice.m */,
				E067CF230F394EB1A8574238 /* CDVDevice.h */,
				F5DD07C18B444323A0CA5430 /* CDVNotification.m */,
				BDFA123365264CCAB49D1837 /* CDVNotification.h */,
				238A885A4DE84E06BEED7CD9 /* CDVInAppBrowser.m */,
				6307F07A22D040189EF3F512 /* CDVInAppBrowser.h */,
				507C9D89C9E6485EADB1612C /* CDVConnection.m */,
				460DDD15FC964DEC940D5860 /* CDVReachability.m */,
				5F49A67B96284C9DBF91B89E /* CDVConnection.h */,
				D570D0114899470681667E5A /* CDVReachability.h */,
				9DFF5166FFC94C9C89F20414 /* CDVStatusBar.m */,
				79C2673302434E1FA99DC738 /* CDVStatusBar.h */,
				4F93DA6B16164B7E81E6FD6E /* CDVContacts.m */,
				8F459EABC45C495589BBCD87 /* CDVContact.m */,
				D1289A0161EB43A3AE6EDADB /* CDVContacts.h */,
				4821CB58ECA34C3CBA8578F4 /* CDVContact.h */,
				A68D6D4CDB124C85969D93DB /* NSString+SSURLEncoding.m */,
				AADBB14E0C534162AA3A2152 /* SocialSharing.m */,
				8BAC77E3DE3C4196863F42C9 /* NSString+SSURLEncoding.h */,
				E0EEBD943B284FB889494891 /* SocialSharing.h */,
			);
			name = Plugins;
			path = "Casabella Arredamenti/Plugins";
			sourceTree = SOURCE_ROOT;
		};
		EB87FDF11871DA420020F90C /* Staging */ = {
			isa = PBXGroup;
			children = (
				F840E1F0165FE0F500CFE078 /* config.xml */,
				301BF56E109A69640062928A /* www */,
			);
			name = Staging;
			sourceTree = "<group>";
		};
/* End PBXGroup section */

/* Begin PBXNativeTarget section */
		1D6058900D05DD3D006BFB54 /* Casabella Arredamenti */ = {
			isa = PBXNativeTarget;
			buildConfigurationList = 1D6058960D05DD3E006BFB54 /* Build configuration list for PBXNativeTarget "Casabella Arredamenti" */;
			buildPhases = (
				304B58A110DAC018002A0835 /* Copy www directory */,
				1D60588D0D05DD3D006BFB54 /* Resources */,
				1D60588E0D05DD3D006BFB54 /* Sources */,
				1D60588F0D05DD3D006BFB54 /* Frameworks */,
			);
			buildRules = (
			);
			dependencies = (
				301BF551109A68C00062928A /* PBXTargetDependency */,
			);
			name = "Casabella Arredamenti";
			productName = "Casabella Arredamenti";
			productReference = 1D6058910D05DD3D006BFB54 /* Casabella Arredamenti.app */;
			productType = "com.apple.product-type.application";
		};
/* End PBXNativeTarget section */

/* Begin PBXProject section */
		29B97313FDCFA39411CA2CEA /* Project object */ = {
			isa = PBXProject;
			attributes = {
				LastUpgradeCheck = 510;
			};
			buildConfigurationList = C01FCF4E08A954540054247B /* Build configuration list for PBXProject "__NON-CLI__" */;
			compatibilityVersion = "Xcode 3.2";
			developmentRegion = English;
			hasScannedForEncodings = 1;
			mainGroup = 29B97314FDCFA39411CA2CEA /* CustomTemplate */;
			projectDirPath = "";
			projectReferences = (
				{
					ProductGroup = 301BF52E109A57CC0062928A /* Products */;
					ProjectRef = 301BF52D109A57CC0062928A /* CordovaLib.xcodeproj */;
				},
			);
			projectRoot = "";
			targets = (
				1D6058900D05DD3D006BFB54 /* Casabella Arredamenti */,
			);
		};
/* End PBXProject section */

/* Begin PBXReferenceProxy section */
		301BF535109A57CC0062928A /* libCordova.a */ = {
			isa = PBXReferenceProxy;
			fileType = archive.ar;
			path = libCordova.a;
			remoteRef = 301BF534109A57CC0062928A /* PBXContainerItemProxy */;
			sourceTree = BUILT_PRODUCTS_DIR;
		};
/* End PBXReferenceProxy section */

/* Begin PBXResourcesBuildPhase section */
		1D60588D0D05DD3D006BFB54 /* Resources */ = {
			isa = PBXResourcesBuildPhase;
			buildActionMask = 2147483647;
			files = (
				302D95F214D2391D003F00A1 /* MainViewController.xib in Resources */,
				0207DA581B56EA530066E2B4 /* Images.xcassets in Resources */,
				6AFF5BF91D6E424B00AB3073 /* CDVLaunchScreen.storyboard in Resources */,
				41A86E25E66546F9B3384C41 /* CDVNotification.bundle in Resources */,
			);
			runOnlyForDeploymentPostprocessing = 0;
		};
/* End PBXResourcesBuildPhase section */

/* Begin PBXShellScriptBuildPhase section */
		304B58A110DAC018002A0835 /* Copy www directory */ = {
			isa = PBXShellScriptBuildPhase;
			buildActionMask = 2147483647;
			files = (
			);
			inputPaths = (
			);
			name = "Copy www directory";
			outputPaths = (
			);
			runOnlyForDeploymentPostprocessing = 0;
			shellPath = /bin/sh;
			shellScript = "NODEJS_PATH=/usr/local/bin; NVM_NODE_PATH=~/.nvm/versions/node/`nvm version 2>/dev/null`/bin; N_NODE_PATH=`find /usr/local/n/versions/node/* -maxdepth 0 -type d 2>/dev/null | tail -1`/bin; XCODE_NODE_PATH=`xcode-select --print-path`/usr/share/xcs/Node/bin; PATH=$NODEJS_PATH:$NVM_NODE_PATH:$N_NODE_PATH:$XCODE_NODE_PATH:$PATH && node cordova/lib/copy-www-build-step.js";
			showEnvVarsInLog = 0;
		};
/* End PBXShellScriptBuildPhase section */

/* Begin PBXSourcesBuildPhase section */
		1D60588E0D05DD3D006BFB54 /* Sources */ = {
			isa = PBXSourcesBuildPhase;
			buildActionMask = 2147483647;
			files = (
				1D60589B0D05DD56006BFB54 /* main.m in Sources */,
				1D3623260D0F684500981E51 /* AppDelegate.m in Sources */,
				302D95F114D2391D003F00A1 /* MainViewController.m in Sources */,
				38684D828E76485CA6F8B218 /* AppDelegate+notification.m in Sources */,
				36ABBFC99D114DB995187FFD /* PushPlugin.m in Sources */,
				2CE756E3B94647F2973782E4 /* CDVDevice.m in Sources */,
				25F8C6C97BF046A3B31DC02F /* CDVNotification.m in Sources */,
				D86795A4F762453E8FA6B5BA /* CDVInAppBrowser.m in Sources */,
				10BB02C590E94868B0FC4F4B /* CDVConnection.m in Sources */,
				7613B7B66DB646DF81861610 /* CDVReachability.m in Sources */,
				B663001171CB49B68F376C4A /* CDVStatusBar.m in Sources */,
				84DBE443C09F485793DCF7E2 /* CDVContacts.m in Sources */,
				A8D96008D4484D37A4C010C1 /* CDVContact.m in Sources */,
				808E8FCB8E684CFFA4750D2E /* NSString+SSURLEncoding.m in Sources */,
				AA453DCE68F44765A26FB829 /* SocialSharing.m in Sources */,
			);
			runOnlyForDeploymentPostprocessing = 0;
		};
/* End PBXSourcesBuildPhase section */

/* Begin PBXTargetDependency section */
		301BF551109A68C00062928A /* PBXTargetDependency */ = {
			isa = PBXTargetDependency;
			name = CordovaLib;
			targetProxy = 301BF550109A68C00062928A /* PBXContainerItemProxy */;
		};
/* End PBXTargetDependency section */

/* Begin XCBuildConfiguration section */
		1D6058940D05DD3E006BFB54 /* Debug */ = {
			isa = XCBuildConfiguration;
			baseConfigurationReference = 3047A50F1AB8059700498E2A /* build-debug.xcconfig */;
			buildSettings = {
				ALWAYS_SEARCH_USER_PATHS = NO;
				ASSETCATALOG_COMPILER_APPICON_NAME = AppIcon;
				ASSETCATALOG_COMPILER_LAUNCHIMAGE_NAME = LaunchImage;
				CLANG_ENABLE_MODULES = YES;
				CLANG_ENABLE_OBJC_ARC = YES;
				COPY_PHASE_STRIP = NO;
				GCC_DYNAMIC_NO_PIC = NO;
				GCC_OPTIMIZATION_LEVEL = 0;
				GCC_PRECOMPILE_PREFIX_HEADER = YES;
				GCC_PREFIX_HEADER = "Casabella Arredamenti/Casabella Arredamenti-Prefix.pch";
				GCC_THUMB_SUPPORT = NO;
				GCC_VERSION = "";
				INFOPLIST_FILE = "Casabella Arredamenti/Casabella Arredamenti-Info.plist";
				IPHONEOS_DEPLOYMENT_TARGET = 8.0;
				LD_RUNPATH_SEARCH_PATHS = "@executable_path/Frameworks";
				TARGETED_DEVICE_FAMILY = "1,2";
				PRODUCT_NAME = "Casabella Arredamenti";
				LIBRARY_SEARCH_PATHS = (
					"$(inherited)",
					"\"$(SRCROOT)/Casabella Arredamenti/Plugins/phonegap-plugin-push/GCM/Libraries\"",
					"\"$(SRCROOT)/Casabella Arredamenti/Plugins/phonegap-plugin-push/GCM/Libraries\"",
					"\"$(SRCROOT)/Casabella Arredamenti/Plugins/phonegap-plugin-push/GCM/Libraries\"",
					"\"$(SRCROOT)/Casabella Arredamenti/Plugins/phonegap-plugin-push/GCM/Libraries\"",
					"\"$(SRCROOT)/Casabella Arredamenti/Plugins/phonegap-plugin-push/GCM/Libraries\"",
					"\"$(SRCROOT)/Casabella Arredamenti/Plugins/phonegap-plugin-push/GCM/Libraries\"",
					"\"$(SRCROOT)/Casabella Arredamenti/Plugins/phonegap-plugin-push/GCM/Libraries\"",
					"\"$(SRCROOT)/Casabella Arredamenti/Plugins/phonegap-plugin-push/GCM/Libraries\"",
					"\"$(SRCROOT)/Casabella Arredamenti/Plugins/phonegap-plugin-push/GCM/Libraries\"",
					"\"$(SRCROOT)/Casabella Arredamenti/Plugins/phonegap-plugin-push/GCM/Libraries\"",
					"\"$(SRCROOT)/Casabella Arredamenti/Plugins/phonegap-plugin-push/GCM/Libraries\"",
					"\"$(SRCROOT)/Casabella Arredamenti/Plugins/phonegap-plugin-push/GCM/Libraries\"",
					"\"$(SRCROOT)/Casabella Arredamenti/Plugins/phonegap-plugin-push/GCM/Libraries\"",
					"\"$(SRCROOT)/Casabella Arredamenti/Plugins/phonegap-plugin-push/GCM/Libraries\"",
					"\"$(SRCROOT)/Casabella Arredamenti/Plugins/phonegap-plugin-push/GCM/Libraries\"",
					"\"$(SRCROOT)/Casabella Arredamenti/Plugins/phonegap-plugin-push/GCM/Libraries\"",
					"\"$(SRCROOT)/Casabella Arredamenti/Plugins/phonegap-plugin-push/GCM/Libraries\"",
					"\"$(SRCROOT)/Casabella Arredamenti/Plugins/phonegap-plugin-push/GCM/Libraries\"",
					"\"$(SRCROOT)/Casabella Arredamenti/Plugins/phonegap-plugin-push/GCM/Libraries\"",
					"\"$(SRCROOT)/Casabella Arredamenti/Plugins/phonegap-plugin-push/GCM/Libraries\"",
					"\"$(SRCROOT)/Casabella Arredamenti/Plugins/phonegap-plugin-push/GCM/Libraries\"",
					"\"$(SRCROOT)/Casabella Arredamenti/Plugins/phonegap-plugin-push/GCM/Libraries\"",
					"\"$(SRCROOT)/Casabella Arredamenti/Plugins/phonegap-plugin-push/GCM/Libraries\"",
					"\"$(SRCROOT)/Casabella Arredamenti/Plugins/phonegap-plugin-push/GCM/Libraries\"",
					"\"$(SRCROOT)/Casabella Arredamenti/Plugins/phonegap-plugin-push/GCM/Libraries\"",
					"\"$(SRCROOT)/Casabella Arredamenti/Plugins/phonegap-plugin-push/GCM/Libraries\"",
				);
			};
			name = Debug;
		};
		1D6058950D05DD3E006BFB54 /* Release */ = {
			isa = XCBuildConfiguration;
			baseConfigurationReference = 3047A5101AB8059700498E2A /* build-release.xcconfig */;
			buildSettings = {
				ALWAYS_SEARCH_USER_PATHS = NO;
				ASSETCATALOG_COMPILER_APPICON_NAME = AppIcon;
				ASSETCATALOG_COMPILER_LAUNCHIMAGE_NAME = LaunchImage;
				CLANG_ENABLE_MODULES = YES;
				CLANG_ENABLE_OBJC_ARC = YES;
				COPY_PHASE_STRIP = YES;
				GCC_PRECOMPILE_PREFIX_HEADER = YES;
				GCC_PREFIX_HEADER = "Casabella Arredamenti/Casabella Arredamenti-Prefix.pch";
				GCC_THUMB_SUPPORT = NO;
				GCC_VERSION = "";
				INFOPLIST_FILE = "Casabella Arredamenti/Casabella Arredamenti-Info.plist";
				IPHONEOS_DEPLOYMENT_TARGET = 8.0;
				LD_RUNPATH_SEARCH_PATHS = "@executable_path/Frameworks";
				TARGETED_DEVICE_FAMILY = "1,2";
				PRODUCT_NAME = "Casabella Arredamenti";
				LIBRARY_SEARCH_PATHS = (
					"$(inherited)",
					"\"$(SRCROOT)/Casabella Arredamenti/Plugins/phonegap-plugin-push/GCM/Libraries\"",
					"\"$(SRCROOT)/Casabella Arredamenti/Plugins/phonegap-plugin-push/GCM/Libraries\"",
					"\"$(SRCROOT)/Casabella Arredamenti/Plugins/phonegap-plugin-push/GCM/Libraries\"",
					"\"$(SRCROOT)/Casabella Arredamenti/Plugins/phonegap-plugin-push/GCM/Libraries\"",
					"\"$(SRCROOT)/Casabella Arredamenti/Plugins/phonegap-plugin-push/GCM/Libraries\"",
					"\"$(SRCROOT)/Casabella Arredamenti/Plugins/phonegap-plugin-push/GCM/Libraries\"",
					"\"$(SRCROOT)/Casabella Arredamenti/Plugins/phonegap-plugin-push/GCM/Libraries\"",
					"\"$(SRCROOT)/Casabella Arredamenti/Plugins/phonegap-plugin-push/GCM/Libraries\"",
					"\"$(SRCROOT)/Casabella Arredamenti/Plugins/phonegap-plugin-push/GCM/Libraries\"",
					"\"$(SRCROOT)/Casabella Arredamenti/Plugins/phonegap-plugin-push/GCM/Libraries\"",
					"\"$(SRCROOT)/Casabella Arredamenti/Plugins/phonegap-plugin-push/GCM/Libraries\"",
					"\"$(SRCROOT)/Casabella Arredamenti/Plugins/phonegap-plugin-push/GCM/Libraries\"",
					"\"$(SRCROOT)/Casabella Arredamenti/Plugins/phonegap-plugin-push/GCM/Libraries\"",
					"\"$(SRCROOT)/Casabella Arredamenti/Plugins/phonegap-plugin-push/GCM/Libraries\"",
					"\"$(SRCROOT)/Casabella Arredamenti/Plugins/phonegap-plugin-push/GCM/Libraries\"",
					"\"$(SRCROOT)/Casabella Arredamenti/Plugins/phonegap-plugin-push/GCM/Libraries\"",
					"\"$(SRCROOT)/Casabella Arredamenti/Plugins/phonegap-plugin-push/GCM/Libraries\"",
					"\"$(SRCROOT)/Casabella Arredamenti/Plugins/phonegap-plugin-push/GCM/Libraries\"",
					"\"$(SRCROOT)/Casabella Arredamenti/Plugins/phonegap-plugin-push/GCM/Libraries\"",
					"\"$(SRCROOT)/Casabella Arredamenti/Plugins/phonegap-plugin-push/GCM/Libraries\"",
					"\"$(SRCROOT)/Casabella Arredamenti/Plugins/phonegap-plugin-push/GCM/Libraries\"",
					"\"$(SRCROOT)/Casabella Arredamenti/Plugins/phonegap-plugin-push/GCM/Libraries\"",
					"\"$(SRCROOT)/Casabella Arredamenti/Plugins/phonegap-plugin-push/GCM/Libraries\"",
					"\"$(SRCROOT)/Casabella Arredamenti/Plugins/phonegap-plugin-push/GCM/Libraries\"",
					"\"$(SRCROOT)/Casabella Arredamenti/Plugins/phonegap-plugin-push/GCM/Libraries\"",
					"\"$(SRCROOT)/Casabella Arredamenti/Plugins/phonegap-plugin-push/GCM/Libraries\"",
				);
			};
			name = Release;
		};
		C01FCF4F08A954540054247B /* Debug */ = {
			isa = XCBuildConfiguration;
			baseConfigurationReference = 3047A5111AB8059700498E2A /* build.xcconfig */;
			buildSettings = {
				CLANG_ENABLE_MODULES = YES;
				CLANG_ENABLE_OBJC_ARC = YES;
				CLANG_WARN_BOOL_CONVERSION = YES;
				CLANG_WARN_CONSTANT_CONVERSION = YES;
				CLANG_WARN_EMPTY_BODY = YES;
				CLANG_WARN_ENUM_CONVERSION = YES;
				CLANG_WARN_INT_CONVERSION = YES;
				CLANG_WARN__DUPLICATE_METHOD_MATCH = YES;
				GCC_C_LANGUAGE_STANDARD = c99;
				GCC_THUMB_SUPPORT = NO;
				GCC_VERSION = "";
				GCC_WARN_ABOUT_RETURN_TYPE = YES;
				GCC_WARN_UNDECLARED_SELECTOR = YES;
				GCC_WARN_UNINITIALIZED_AUTOS = YES;
				GCC_WARN_UNUSED_FUNCTION = YES;
				GCC_WARN_UNUSED_VARIABLE = YES;
				ONLY_ACTIVE_ARCH = YES;
				SDKROOT = iphoneos;
				SKIP_INSTALL = NO;
				TARGETED_DEVICE_FAMILY = "1,2";
				ASSETCATALOG_COMPILER_LAUNCHIMAGE_NAME = LaunchImage;
			};
			name = Debug;
		};
		C01FCF5008A954540054247B /* Release */ = {
			isa = XCBuildConfiguration;
			baseConfigurationReference = 3047A5111AB8059700498E2A /* build.xcconfig */;
			buildSettings = {
				CLANG_ENABLE_MODULES = YES;
				CLANG_ENABLE_OBJC_ARC = YES;
				CLANG_WARN_BOOL_CONVERSION = YES;
				CLANG_WARN_CONSTANT_CONVERSION = YES;
				CLANG_WARN_EMPTY_BODY = YES;
				CLANG_WARN_ENUM_CONVERSION = YES;
				CLANG_WARN_INT_CONVERSION = YES;
				CLANG_WARN__DUPLICATE_METHOD_MATCH = YES;
				GCC_C_LANGUAGE_STANDARD = c99;
				GCC_THUMB_SUPPORT = NO;
				GCC_VERSION = "";
				GCC_WARN_ABOUT_RETURN_TYPE = YES;
				GCC_WARN_UNDECLARED_SELECTOR = YES;
				GCC_WARN_UNINITIALIZED_AUTOS = YES;
				GCC_WARN_UNUSED_FUNCTION = YES;
				GCC_WARN_UNUSED_VARIABLE = YES;
				SDKROOT = iphoneos;
				SKIP_INSTALL = NO;
				TARGETED_DEVICE_FAMILY = "1,2";
				ASSETCATALOG_COMPILER_LAUNCHIMAGE_NAME = LaunchImage;
			};
			name = Release;
		};
/* End XCBuildConfiguration section */

/* Begin XCConfigurationList section */
		1D6058960D05DD3E006BFB54 /* Build configuration list for PBXNativeTarget "Casabella Arredamenti" */ = {
			isa = XCConfigurationList;
			buildConfigurations = (
				1D6058940D05DD3E006BFB54 /* Debug */,
				1D6058950D05DD3E006BFB54 /* Release */,
			);
			defaultConfigurationIsVisible = 0;
			defaultConfigurationName = Release;
		};
		C01FCF4E08A954540054247B /* Build configuration list for PBXProject "__NON-CLI__" */ = {
			isa = XCConfigurationList;
			buildConfigurations = (
				C01FCF4F08A954540054247B /* Debug */,
				C01FCF5008A954540054247B /* Release */,
			);
			defaultConfigurationIsVisible = 0;
			defaultConfigurationName = Release;
		};
/* End XCConfigurationList section */
	};
	rootObject = 29B97313FDCFA39411CA2CEA /* Project object */;
}
